
Microsoft Visual Studio Solution File, Format Version 12.00
# Visual Studio Version 16
VisualStudioVersion = 16.0.32002.261
MinimumVisualStudioVersion = 10.0.40219.1
Project("{9A19103F-16F7-4668-BE54-9A1E7A4F7556}") = "ai-scheduler", "code\scheduler\ai-scheduler.csproj", "{D32D01A0-9464-45E1-82B7-28F4C3478E67}"
EndProject
Project("{9A19103F-16F7-4668-BE54-9A1E7A4F7556}") = "AiSchedulerTest", "code\schedulertest\AiSchedulerTest.csproj", "{D6CFCB9D-32BB-47A6-B30E-534D25C0DB86}"
EndProject
Global
	GlobalSection(SolutionConfigurationPlatforms) = preSolution
		Debug|Any CPU = Debug|Any CPU
		Release|Any CPU = Release|Any CPU
	EndGlobalSection
	GlobalSection(ProjectConfigurationPlatforms) = postSolution
		{D32D01A0-9464-45E1-82B7-28F4C3478E67}.Debug|Any CPU.ActiveCfg = Debug|Any CPU
		{D32D01A0-9464-45E1-82B7-28F4C3478E67}.Debug|Any CPU.Build.0 = Debug|Any CPU
		{D32D01A0-9464-45E1-82B7-28F4C3478E67}.Release|Any CPU.ActiveCfg = Release|Any CPU
		{D32D01A0-9464-45E1-82B7-28F4C3478E67}.Release|Any CPU.Build.0 = Release|Any CPU
		{D6CFCB9D-32BB-47A6-B30E-534D25C0DB86}.Debug|Any CPU.ActiveCfg = Debug|Any CPU
		{D6CFCB9D-32BB-47A6-B30E-534D25C0DB86}.Debug|Any CPU.Build.0 = Debug|Any CPU
		{D6CFCB9D-32BB-47A6-B30E-534D25C0DB86}.Release|Any CPU.ActiveCfg = Release|Any CPU
		{D6CFCB9D-32BB-47A6-B30E-534D25C0DB86}.Release|Any CPU.Build.0 = Release|Any CPU
	EndGlobalSection
	GlobalSection(SolutionProperties) = preSolution
		HideSolutionNode = FALSE
	EndGlobalSection
	GlobalSection(ExtensibilityGlobals) = postSolution
		SolutionGuid = {C20D633C-E52A-4CCA-98B4-AD58674CEC17}
	EndGlobalSection
EndGlobal
